// !$*UTF8*$!
{
	archiveVersion = 1;
	classes = {
	};
	objectVersion = 46;
	objects = {

/* Begin PBXBuildFile section */
		067C83D41C2796780091A6A0 /* CustomPintAnnotationView.m in Sources */ = {isa = PBXBuildFile; fileRef = 067C83D31C2796780091A6A0 /* CustomPintAnnotationView.m */; };
		067C83DD1C2799AF0091A6A0 /* CustomPointAnnotation.m in Sources */ = {isa = PBXBuildFile; fileRef = 067C83DC1C2799AF0091A6A0 /* CustomPointAnnotation.m */; };
		068975571C2673A500D31344 /* BaiduMapModel.m in Sources */ = {isa = PBXBuildFile; fileRef = 068975561C2673A500D31344 /* BaiduMapModel.m */; };
		0689755B1C2675C000D31344 /* PaopaoViewClicked.m in Sources */ = {isa = PBXBuildFile; fileRef = 068975591C2675C000D31344 /* PaopaoViewClicked.m */; };
		0689755C1C2675C000D31344 /* PaopaoViewClicked.xib in Resources */ = {isa = PBXBuildFile; fileRef = 0689755A1C2675C000D31344 /* PaopaoViewClicked.xib */; };
		06F4CDA91C250463008CAFE4 /* main.m in Sources */ = {isa = PBXBuildFile; fileRef = 06F4CDA81C250463008CAFE4 /* main.m */; };
		06F4CDAC1C250463008CAFE4 /* AppDelegate.mm in Sources */ = {isa = PBXBuildFile; fileRef = 06F4CDAB1C250463008CAFE4 /* AppDelegate.mm */; };
		06F4CDAF1C250463008CAFE4 /* ViewController.m in Sources */ = {isa = PBXBuildFile; fileRef = 06F4CDAE1C250463008CAFE4 /* ViewController.m */; };
		06F4CDB21C250464008CAFE4 /* Main.storyboard in Resources */ = {isa = PBXBuildFile; fileRef = 06F4CDB01C250464008CAFE4 /* Main.storyboard */; };
		06F4CDB41C250464008CAFE4 /* Assets.xcassets in Resources */ = {isa = PBXBuildFile; fileRef = 06F4CDB31C250464008CAFE4 /* Assets.xcassets */; };
		06F4CDB71C250464008CAFE4 /* LaunchScreen.storyboard in Resources */ = {isa = PBXBuildFile; fileRef = 06F4CDB51C250464008CAFE4 /* LaunchScreen.storyboard */; };
		06F4CDC21C250464008CAFE4 /* BaiduMapDemoTests.m in Sources */ = {isa = PBXBuildFile; fileRef = 06F4CDC11C250464008CAFE4 /* BaiduMapDemoTests.m */; };
		06F4CDCD1C250464008CAFE4 /* BaiduMapDemoUITests.m in Sources */ = {isa = PBXBuildFile; fileRef = 06F4CDCC1C250464008CAFE4 /* BaiduMapDemoUITests.m */; };
		06F4CDE51C250B59008CAFE4 /* CoreLocation.framework in Frameworks */ = {isa = PBXBuildFile; fileRef = 06F4CDE41C250B59008CAFE4 /* CoreLocation.framework */; };
		06F4CDE71C250B61008CAFE4 /* QuartzCore.framework in Frameworks */ = {isa = PBXBuildFile; fileRef = 06F4CDE61C250B61008CAFE4 /* QuartzCore.framework */; };
		06F4CDE91C250B6E008CAFE4 /* OpenGLES.framework in Frameworks */ = {isa = PBXBuildFile; fileRef = 06F4CDE81C250B6E008CAFE4 /* OpenGLES.framework */; };
		06F4CDEB1C250B82008CAFE4 /* SystemConfiguration.framework in Frameworks */ = {isa = PBXBuildFile; fileRef = 06F4CDEA1C250B82008CAFE4 /* SystemConfiguration.framework */; };
		06F4CDED1C250B8D008CAFE4 /* CoreGraphics.framework in Frameworks */ = {isa = PBXBuildFile; fileRef = 06F4CDEC1C250B8D008CAFE4 /* CoreGraphics.framework */; };
		06F4CDEF1C250B9C008CAFE4 /* Security.framework in Frameworks */ = {isa = PBXBuildFile; fileRef = 06F4CDEE1C250B9C008CAFE4 /* Security.framework */; };
		06F4CDF11C250BAA008CAFE4 /* libsqlite3.0.tbd in Frameworks */ = {isa = PBXBuildFile; fileRef = 06F4CDF01C250BAA008CAFE4 /* libsqlite3.0.tbd */; };
		06F4CDF31C250BBB008CAFE4 /* CoreTelephony.framework in Frameworks */ = {isa = PBXBuildFile; fileRef = 06F4CDF21C250BBB008CAFE4 /* CoreTelephony.framework */; };
		06F4CDF51C250BC8008CAFE4 /* libstdc++.6.0.9.tbd in Frameworks */ = {isa = PBXBuildFile; fileRef = 06F4CDF41C250BC8008CAFE4 /* libstdc++.6.0.9.tbd */; };
		06F4CDFA1C250C92008CAFE4 /* BaiduMapViewController.m in Sources */ = {isa = PBXBuildFile; fileRef = 06F4CDF81C250C92008CAFE4 /* BaiduMapViewController.m */; };
		06F4CDFB1C250C92008CAFE4 /* BaiduMapViewController.xib in Resources */ = {isa = PBXBuildFile; fileRef = 06F4CDF91C250C92008CAFE4 /* BaiduMapViewController.xib */; };
		06F4CE1A1C25300C008CAFE4 /* BaiduMapAPI_Base.framework in Frameworks */ = {isa = PBXBuildFile; fileRef = 06F4CE121C25300C008CAFE4 /* BaiduMapAPI_Base.framework */; };
		06F4CE1B1C25300C008CAFE4 /* BaiduMapAPI_Cloud.framework in Frameworks */ = {isa = PBXBuildFile; fileRef = 06F4CE131C25300C008CAFE4 /* BaiduMapAPI_Cloud.framework */; };
		06F4CE1C1C25300C008CAFE4 /* BaiduMapAPI_Location.framework in Frameworks */ = {isa = PBXBuildFile; fileRef = 06F4CE141C25300C008CAFE4 /* BaiduMapAPI_Location.framework */; };
		06F4CE1D1C25300C008CAFE4 /* BaiduMapAPI_Map.framework in Frameworks */ = {isa = PBXBuildFile; fileRef = 06F4CE151C25300C008CAFE4 /* BaiduMapAPI_Map.framework */; };
		06F4CE1E1C25300C008CAFE4 /* BaiduMapAPI_Radar.framework in Frameworks */ = {isa = PBXBuildFile; fileRef = 06F4CE161C25300C008CAFE4 /* BaiduMapAPI_Radar.framework */; };
		06F4CE1F1C25300C008CAFE4 /* BaiduMapAPI_Search.framework in Frameworks */ = {isa = PBXBuildFile; fileRef = 06F4CE171C25300C008CAFE4 /* BaiduMapAPI_Search.framework */; };
		06F4CE201C25300C008CAFE4 /* BaiduMapAPI_Utils.framework in Frameworks */ = {isa = PBXBuildFile; fileRef = 06F4CE181C25300C008CAFE4 /* BaiduMapAPI_Utils.framework */; };
		06F4CE211C25300C008CAFE4 /* mapapi.bundle in Resources */ = {isa = PBXBuildFile; fileRef = 06F4CE191C25300C008CAFE4 /* mapapi.bundle */; };
/* End PBXBuildFile section */

/* Begin PBXContainerItemProxy section */
		06F4CDBE1C250464008CAFE4 /* PBXContainerItemProxy */ = {
			isa = PBXContainerItemProxy;
			containerPortal = 06F4CD9C1C250463008CAFE4 /* Project object */;
			proxyType = 1;
			remoteGlobalIDString = 06F4CDA31C250463008CAFE4;
			remoteInfo = BaiduMapDemo;
		};
		06F4CDC91C250464008CAFE4 /* PBXContainerItemProxy */ = {
			isa = PBXContainerItemProxy;
			containerPortal = 06F4CD9C1C250463008CAFE4 /* Project object */;
			proxyType = 1;
			remoteGlobalIDString = 06F4CDA31C250463008CAFE4;
			remoteInfo = BaiduMapDemo;
		};
/* End PBXContainerItemProxy section */

/* Begin PBXFileReference section */
		067C83D21C2796780091A6A0 /* CustomPintAnnotationView.h */ = {isa = PBXFileReference; fileEncoding = 4; lastKnownFileType = sourcecode.c.h; path = CustomPintAnnotationView.h; sourceTree = "<group>"; };
		067C83D31C2796780091A6A0 /* CustomPintAnnotationView.m */ = {isa = PBXFileReference; fileEncoding = 4; lastKnownFileType = sourcecode.c.objc; path = CustomPintAnnotationView.m; sourceTree = "<group>"; };
		067C83DB1C2799AF0091A6A0 /* CustomPointAnnotation.h */ = {isa = PBXFileReference; fileEncoding = 4; lastKnownFileType = sourcecode.c.h; path = CustomPointAnnotation.h; sourceTree = "<group>"; };
		067C83DC1C2799AF0091A6A0 /* CustomPointAnnotation.m */ = {isa = PBXFileReference; fileEncoding = 4; lastKnownFileType = sourcecode.c.objc; path = CustomPointAnnotation.m; sourceTree = "<group>"; };
		068975551C2673A500D31344 /* BaiduMapModel.h */ = {isa = PBXFileReference; fileEncoding = 4; lastKnownFileType = sourcecode.c.h; path = BaiduMapModel.h; sourceTree = "<group>"; };
		068975561C2673A500D31344 /* BaiduMapModel.m */ = {isa = PBXFileReference; fileEncoding = 4; lastKnownFileType = sourcecode.c.objc; path = BaiduMapModel.m; sourceTree = "<group>"; };
		068975581C2675C000D31344 /* PaopaoViewClicked.h */ = {isa = PBXFileReference; fileEncoding = 4; lastKnownFileType = sourcecode.c.h; path = PaopaoViewClicked.h; sourceTree = "<group>"; };
		068975591C2675C000D31344 /* PaopaoViewClicked.m */ = {isa = PBXFileReference; fileEncoding = 4; lastKnownFileType = sourcecode.c.objc; path = PaopaoViewClicked.m; sourceTree = "<group>"; };
		0689755A1C2675C000D31344 /* PaopaoViewClicked.xib */ = {isa = PBXFileReference; fileEncoding = 4; lastKnownFileType = file.xib; path = PaopaoViewClicked.xib; sourceTree = "<group>"; };
		06F4CDA41C250463008CAFE4 /* BaiduMapDemo.app */ = {isa = PBXFileReference; explicitFileType = wrapper.application; includeInIndex = 0; path = BaiduMapDemo.app; sourceTree = BUILT_PRODUCTS_DIR; };
		06F4CDA81C250463008CAFE4 /* main.m */ = {isa = PBXFileReference; lastKnownFileType = sourcecode.c.objc; path = main.m; sourceTree = "<group>"; };
		06F4CDAA1C250463008CAFE4 /* AppDelegate.h */ = {isa = PBXFileReference; lastKnownFileType = sourcecode.c.h; path = AppDelegate.h; sourceTree = "<group>"; };
		06F4CDAB1C250463008CAFE4 /* AppDelegate.mm */ = {isa = PBXFileReference; lastKnownFileType = sourcecode.cpp.objcpp; path = AppDelegate.mm; sourceTree = "<group>"; };
		06F4CDAD1C250463008CAFE4 /* ViewController.h */ = {isa = PBXFileReference; lastKnownFileType = sourcecode.c.h; path = ViewController.h; sourceTree = "<group>"; };
		06F4CDAE1C250463008CAFE4 /* ViewController.m */ = {isa = PBXFileReference; lastKnownFileType = sourcecode.c.objc; path = ViewController.m; sourceTree = "<group>"; };
		06F4CDB11C250464008CAFE4 /* Base */ = {isa = PBXFileReference; lastKnownFileType = file.storyboard; name = Base; path = Base.lproj/Main.storyboard; sourceTree = "<group>"; };
		06F4CDB31C250464008CAFE4 /* Assets.xcassets */ = {isa = PBXFileReference; lastKnownFileType = folder.assetcatalog; path = Assets.xcassets; sourceTree = "<group>"; };
		06F4CDB61C250464008CAFE4 /* Base */ = {isa = PBXFileReference; lastKnownFileType = file.storyboard; name = Base; path = Base.lproj/LaunchScreen.storyboard; sourceTree = "<group>"; };
		06F4CDB81C250464008CAFE4 /* Info.plist */ = {isa = PBXFileReference; lastKnownFileType = text.plist.xml; path = Info.plist; sourceTree = "<group>"; };
		06F4CDBD1C250464008CAFE4 /* BaiduMapDemoTests.xctest */ = {isa = PBXFileReference; explicitFileType = wrapper.cfbundle; includeInIndex = 0; path = BaiduMapDemoTests.xctest; sourceTree = BUILT_PRODUCTS_DIR; };
		06F4CDC11C250464008CAFE4 /* BaiduMapDemoTests.m */ = {isa = PBXFileReference; lastKnownFileType = sourcecode.c.objc; path = BaiduMapDemoTests.m; sourceTree = "<group>"; };
		06F4CDC31C250464008CAFE4 /* Info.plist */ = {isa = PBXFileReference; lastKnownFileType = text.plist.xml; path = Info.plist; sourceTree = "<group>"; };
		06F4CDC81C250464008CAFE4 /* BaiduMapDemoUITests.xctest */ = {isa = PBXFileReference; explicitFileType = wrapper.cfbundle; includeInIndex = 0; path = BaiduMapDemoUITests.xctest; sourceTree = BUILT_PRODUCTS_DIR; };
		06F4CDCC1C250464008CAFE4 /* BaiduMapDemoUITests.m */ = {isa = PBXFileReference; lastKnownFileType = sourcecode.c.objc; path = BaiduMapDemoUITests.m; sourceTree = "<group>"; };
		06F4CDCE1C250464008CAFE4 /* Info.plist */ = {isa = PBXFileReference; lastKnownFileType = text.plist.xml; path = Info.plist; sourceTree = "<group>"; };
		06F4CDE41C250B59008CAFE4 /* CoreLocation.framework */ = {isa = PBXFileReference; lastKnownFileType = wrapper.framework; name = CoreLocation.framework; path = System/Library/Frameworks/CoreLocation.framework; sourceTree = SDKROOT; };
		06F4CDE61C250B61008CAFE4 /* QuartzCore.framework */ = {isa = PBXFileReference; lastKnownFileType = wrapper.framework; name = QuartzCore.framework; path = System/Library/Frameworks/QuartzCore.framework; sourceTree = SDKROOT; };
		06F4CDE81C250B6E008CAFE4 /* OpenGLES.framework */ = {isa = PBXFileReference; lastKnownFileType = wrapper.framework; name = OpenGLES.framework; path = System/Library/Frameworks/OpenGLES.framework; sourceTree = SDKROOT; };
		06F4CDEA1C250B82008CAFE4 /* SystemConfiguration.framework */ = {isa = PBXFileReference; lastKnownFileType = wrapper.framework; name = SystemConfiguration.framework; path = System/Library/Frameworks/SystemConfiguration.framework; sourceTree = SDKROOT; };
		06F4CDEC1C250B8D008CAFE4 /* CoreGraphics.framework */ = {isa = PBXFileReference; lastKnownFileType = wrapper.framework; name = CoreGraphics.framework; path = System/Library/Frameworks/CoreGraphics.framework; sourceTree = SDKROOT; };
		06F4CDEE1C250B9C008CAFE4 /* Security.framework */ = {isa = PBXFileReference; lastKnownFileType = wrapper.framework; name = Security.framework; path = System/Library/Frameworks/Security.framework; sourceTree = SDKROOT; };
		06F4CDF01C250BAA008CAFE4 /* libsqlite3.0.tbd */ = {isa = PBXFileReference; lastKnownFileType = "sourcecode.text-based-dylib-definition"; name = libsqlite3.0.tbd; path = usr/lib/libsqlite3.0.tbd; sourceTree = SDKROOT; };
		06F4CDF21C250BBB008CAFE4 /* CoreTelephony.framework */ = {isa = PBXFileReference; lastKnownFileType = wrapper.framework; name = CoreTelephony.framework; path = System/Library/Frameworks/CoreTelephony.framework; sourceTree = SDKROOT; };
		06F4CDF41C250BC8008CAFE4 /* libstdc++.6.0.9.tbd */ = {isa = PBXFileReference; lastKnownFileType = "sourcecode.text-based-dylib-definition"; name = "libstdc++.6.0.9.tbd"; path = "usr/lib/libstdc++.6.0.9.tbd"; sourceTree = SDKROOT; };
		06F4CDF71C250C92008CAFE4 /* BaiduMapViewController.h */ = {isa = PBXFileReference; fileEncoding = 4; lastKnownFileType = sourcecode.c.h; path = BaiduMapViewController.h; sourceTree = "<group>"; };
		06F4CDF81C250C92008CAFE4 /* BaiduMapViewController.m */ = {isa = PBXFileReference; fileEncoding = 4; lastKnownFileType = sourcecode.c.objc; path = BaiduMapViewController.m; sourceTree = "<group>"; };
		06F4CDF91C250C92008CAFE4 /* BaiduMapViewController.xib */ = {isa = PBXFileReference; fileEncoding = 4; lastKnownFileType = file.xib; path = BaiduMapViewController.xib; sourceTree = "<group>"; };
		06F4CDFE1C250DD0008CAFE4 /* PrefixHeader.pch */ = {isa = PBXFileReference; lastKnownFileType = sourcecode.c.h; path = PrefixHeader.pch; sourceTree = "<group>"; };
		06F4CE121C25300C008CAFE4 /* BaiduMapAPI_Base.framework */ = {isa = PBXFileReference; lastKnownFileType = wrapper.framework; path = BaiduMapAPI_Base.framework; sourceTree = "<group>"; };
		06F4CE131C25300C008CAFE4 /* BaiduMapAPI_Cloud.framework */ = {isa = PBXFileReference; lastKnownFileType = wrapper.framework; path = BaiduMapAPI_Cloud.framework; sourceTree = "<group>"; };
		06F4CE141C25300C008CAFE4 /* BaiduMapAPI_Location.framework */ = {isa = PBXFileReference; lastKnownFileType = wrapper.framework; path = BaiduMapAPI_Location.framework; sourceTree = "<group>"; };
		06F4CE151C25300C008CAFE4 /* BaiduMapAPI_Map.framework */ = {isa = PBXFileReference; lastKnownFileType = wrapper.framework; path = BaiduMapAPI_Map.framework; sourceTree = "<group>"; };
		06F4CE161C25300C008CAFE4 /* BaiduMapAPI_Radar.framework */ = {isa = PBXFileReference; lastKnownFileType = wrapper.framework; path = BaiduMapAPI_Radar.framework; sourceTree = "<group>"; };
		06F4CE171C25300C008CAFE4 /* BaiduMapAPI_Search.framework */ = {isa = PBXFileReference; lastKnownFileType = wrapper.framework; path = BaiduMapAPI_Search.framework; sourceTree = "<group>"; };
		06F4CE181C25300C008CAFE4 /* BaiduMapAPI_Utils.framework */ = {isa = PBXFileReference; lastKnownFileType = wrapper.framework; path = BaiduMapAPI_Utils.framework; sourceTree = "<group>"; };
		06F4CE191C25300C008CAFE4 /* mapapi.bundle */ = {isa = PBXFileReference; lastKnownFileType = "wrapper.plug-in"; path = mapapi.bundle; sourceTree = "<group>"; };
/* End PBXFileReference section */

/* Begin PBXFrameworksBuildPhase section */
		06F4CDA11C250463008CAFE4 /* Frameworks */ = {
			isa = PBXFrameworksBuildPhase;
			buildActionMask = 2147483647;
			files = (
				06F4CE1D1C25300C008CAFE4 /* BaiduMapAPI_Map.framework in Frameworks */,
				06F4CDF51C250BC8008CAFE4 /* libstdc++.6.0.9.tbd in Frameworks */,
				06F4CDF31C250BBB008CAFE4 /* CoreTelephony.framework in Frameworks */,
				06F4CDF11C250BAA008CAFE4 /* libsqlite3.0.tbd in Frameworks */,
				06F4CE201C25300C008CAFE4 /* BaiduMapAPI_Utils.framework in Frameworks */,
				06F4CDEF1C250B9C008CAFE4 /* Security.framework in Frameworks */,
				06F4CDED1C250B8D008CAFE4 /* CoreGraphics.framework in Frameworks */,
				06F4CE1A1C25300C008CAFE4 /* BaiduMapAPI_Base.framework in Frameworks */,
				06F4CDEB1C250B82008CAFE4 /* SystemConfiguration.framework in Frameworks */,
				06F4CE1C1C25300C008CAFE4 /* BaiduMapAPI_Location.framework in Frameworks */,
				06F4CE1E1C25300C008CAFE4 /* BaiduMapAPI_Radar.framework in Frameworks */,
				06F4CDE91C250B6E008CAFE4 /* OpenGLES.framework in Frameworks */,
				06F4CE1F1C25300C008CAFE4 /* BaiduMapAPI_Search.framework in Frameworks */,
				06F4CDE71C250B61008CAFE4 /* QuartzCore.framework in Frameworks */,
				06F4CDE51C250B59008CAFE4 /* CoreLocation.framework in Frameworks */,
				06F4CE1B1C25300C008CAFE4 /* BaiduMapAPI_Cloud.framework in Frameworks */,
			);
			runOnlyForDeploymentPostprocessing = 0;
		};
		06F4CDBA1C250464008CAFE4 /* Frameworks */ = {
			isa = PBXFrameworksBuildPhase;
			buildActionMask = 2147483647;
			files = (
			);
			runOnlyForDeploymentPostprocessing = 0;
		};
		06F4CDC51C250464008CAFE4 /* Frameworks */ = {
			isa = PBXFrameworksBuildPhase;
			buildActionMask = 2147483647;
			files = (
			);
			runOnlyForDeploymentPostprocessing = 0;
		};
/* End PBXFrameworksBuildPhase section */

/* Begin PBXGroup section */
		06F4CD9B1C250463008CAFE4 = {
			isa = PBXGroup;
			children = (
				06F4CDA61C250463008CAFE4 /* BaiduMapDemo */,
				06F4CDC01C250464008CAFE4 /* BaiduMapDemoTests */,
				06F4CDCB1C250464008CAFE4 /* BaiduMapDemoUITests */,
				06F4CDA51C250463008CAFE4 /* Products */,
			);
			sourceTree = "<group>";
		};
		06F4CDA51C250463008CAFE4 /* Products */ = {
			isa = PBXGroup;
			children = (
				06F4CDA41C250463008CAFE4 /* BaiduMapDemo.app */,
				06F4CDBD1C250464008CAFE4 /* BaiduMapDemoTests.xctest */,
				06F4CDC81C250464008CAFE4 /* BaiduMapDemoUITests.xctest */,
			);
			name = Products;
			sourceTree = "<group>";
		};
		06F4CDA61C250463008CAFE4 /* BaiduMapDemo */ = {
			isa = PBXGroup;
			children = (
				06F4CE111C25300C008CAFE4 /* BaiduMap_IOSSDK_v2.9.1_Lib */,
				06F4CDDA1C250A88008CAFE4 /* BaiduMap */,
				06F4CDAA1C250463008CAFE4 /* AppDelegate.h */,
				06F4CDAB1C250463008CAFE4 /* AppDelegate.mm */,
				06F4CDAD1C250463008CAFE4 /* ViewController.h */,
				06F4CDAE1C250463008CAFE4 /* ViewController.m */,
				06F4CDB01C250464008CAFE4 /* Main.storyboard */,
				06F4CDB31C250464008CAFE4 /* Assets.xcassets */,
				06F4CDB51C250464008CAFE4 /* LaunchScreen.storyboard */,
				06F4CDB81C250464008CAFE4 /* Info.plist */,
				06F4CDF61C250BEB008CAFE4 /* framework */,
				06F4CDA71C250463008CAFE4 /* Supporting Files */,
			);
			path = BaiduMapDemo;
			sourceTree = "<group>";
		};
		06F4CDA71C250463008CAFE4 /* Supporting Files */ = {
			isa = PBXGroup;
			children = (
				06F4CDA81C250463008CAFE4 /* main.m */,
				06F4CDFE1C250DD0008CAFE4 /* PrefixHeader.pch */,
			);
			name = "Supporting Files";
			sourceTree = "<group>";
		};
		06F4CDC01C250464008CAFE4 /* BaiduMapDemoTests */ = {
			isa = PBXGroup;
			children = (
				06F4CDC11C250464008CAFE4 /* BaiduMapDemoTests.m */,
				06F4CDC31C250464008CAFE4 /* Info.plist */,
			);
			path = BaiduMapDemoTests;
			sourceTree = "<group>";
		};
		06F4CDCB1C250464008CAFE4 /* BaiduMapDemoUITests */ = {
			isa = PBXGroup;
			children = (
				06F4CDCC1C250464008CAFE4 /* BaiduMapDemoUITests.m */,
				06F4CDCE1C250464008CAFE4 /* Info.plist */,
			);
			path = BaiduMapDemoUITests;
			sourceTree = "<group>";
		};
		06F4CDDA1C250A88008CAFE4 /* BaiduMap */ = {
			isa = PBXGroup;
			children = (
				068975551C2673A500D31344 /* BaiduMapModel.h */,
				068975561C2673A500D31344 /* BaiduMapModel.m */,
				06F4CDF71C250C92008CAFE4 /* BaiduMapViewController.h */,
				06F4CDF81C250C92008CAFE4 /* BaiduMapViewController.m */,
				06F4CDF91C250C92008CAFE4 /* BaiduMapViewController.xib */,
				067C83DB1C2799AF0091A6A0 /* CustomPointAnnotation.h */,
				067C83DC1C2799AF0091A6A0 /* CustomPointAnnotation.m */,
				067C83D21C2796780091A6A0 /* CustomPintAnnotationView.h */,
				067C83D31C2796780091A6A0 /* CustomPintAnnotationView.m */,
				068975581C2675C000D31344 /* PaopaoViewClicked.h */,
				068975591C2675C000D31344 /* PaopaoViewClicked.m */,
				0689755A1C2675C000D31344 /* PaopaoViewClicked.xib */,
			);
			path = BaiduMap;
			sourceTree = "<group>";
		};
		06F4CDF61C250BEB008CAFE4 /* framework */ = {
			isa = PBXGroup;
			children = (
				06F4CDF41C250BC8008CAFE4 /* libstdc++.6.0.9.tbd */,
				06F4CDF21C250BBB008CAFE4 /* CoreTelephony.framework */,
				06F4CDF01C250BAA008CAFE4 /* libsqlite3.0.tbd */,
				06F4CDEE1C250B9C008CAFE4 /* Security.framework */,
				06F4CDEC1C250B8D008CAFE4 /* CoreGraphics.framework */,
				06F4CDEA1C250B82008CAFE4 /* SystemConfiguration.framework */,
				06F4CDE81C250B6E008CAFE4 /* OpenGLES.framework */,
				06F4CDE61C250B61008CAFE4 /* QuartzCore.framework */,
				06F4CDE41C250B59008CAFE4 /* CoreLocation.framework */,
			);
			path = framework;
			sourceTree = "<group>";
		};
		06F4CE111C25300C008CAFE4 /* BaiduMap_IOSSDK_v2.9.1_Lib */ = {
			isa = PBXGroup;
			children = (
				06F4CE121C25300C008CAFE4 /* BaiduMapAPI_Base.framework */,
				06F4CE131C25300C008CAFE4 /* BaiduMapAPI_Cloud.framework */,
				06F4CE141C25300C008CAFE4 /* BaiduMapAPI_Location.framework */,
				06F4CE151C25300C008CAFE4 /* BaiduMapAPI_Map.framework */,
				06F4CE161C25300C008CAFE4 /* BaiduMapAPI_Radar.framework */,
				06F4CE171C25300C008CAFE4 /* BaiduMapAPI_Search.framework */,
				06F4CE181C25300C008CAFE4 /* BaiduMapAPI_Utils.framework */,
				06F4CE191C25300C008CAFE4 /* mapapi.bundle */,
			);
			path = BaiduMap_IOSSDK_v2.9.1_Lib;
			sourceTree = "<group>";
		};
/* End PBXGroup section */

/* Begin PBXNativeTarget section */
		06F4CDA31C250463008CAFE4 /* BaiduMapDemo */ = {
			isa = PBXNativeTarget;
			buildConfigurationList = 06F4CDD11C250464008CAFE4 /* Build configuration list for PBXNativeTarget "BaiduMapDemo" */;
			buildPhases = (
				06F4CDA01C250463008CAFE4 /* Sources */,
				06F4CDA11C250463008CAFE4 /* Frameworks */,
				06F4CDA21C250463008CAFE4 /* Resources */,
			);
			buildRules = (
			);
			dependencies = (
			);
			name = BaiduMapDemo;
			productName = BaiduMapDemo;
			productReference = 06F4CDA41C250463008CAFE4 /* BaiduMapDemo.app */;
			productType = "com.apple.product-type.application";
		};
		06F4CDBC1C250464008CAFE4 /* BaiduMapDemoTests */ = {
			isa = PBXNativeTarget;
			buildConfigurationList = 06F4CDD41C250464008CAFE4 /* Build configuration list for PBXNativeTarget "BaiduMapDemoTests" */;
			buildPhases = (
				06F4CDB91C250464008CAFE4 /* Sources */,
				06F4CDBA1C250464008CAFE4 /* Frameworks */,
				06F4CDBB1C250464008CAFE4 /* Resources */,
			);
			buildRules = (
			);
			dependencies = (
				06F4CDBF1C250464008CAFE4 /* PBXTargetDependency */,
			);
			name = BaiduMapDemoTests;
			productName = BaiduMapDemoTests;
			productReference = 06F4CDBD1C250464008CAFE4 /* BaiduMapDemoTests.xctest */;
			productType = "com.apple.product-type.bundle.unit-test";
		};
		06F4CDC71C250464008CAFE4 /* BaiduMapDemoUITests */ = {
			isa = PBXNativeTarget;
			buildConfigurationList = 06F4CDD71C250464008CAFE4 /* Build configuration list for PBXNativeTarget "BaiduMapDemoUITests" */;
			buildPhases = (
				06F4CDC41C250464008CAFE4 /* Sources */,
				06F4CDC51C250464008CAFE4 /* Frameworks */,
				06F4CDC61C250464008CAFE4 /* Resources */,
			);
			buildRules = (
			);
			dependencies = (
				06F4CDCA1C250464008CAFE4 /* PBXTargetDependency */,
			);
			name = BaiduMapDemoUITests;
			productName = BaiduMapDemoUITests;
			productReference = 06F4CDC81C250464008CAFE4 /* BaiduMapDemoUITests.xctest */;
			productType = "com.apple.product-type.bundle.ui-testing";
		};
/* End PBXNativeTarget section */

/* Begin PBXProject section */
		06F4CD9C1C250463008CAFE4 /* Project object */ = {
			isa = PBXProject;
			attributes = {
				LastUpgradeCheck = 0720;
				ORGANIZATIONNAME = zyh;
				TargetAttributes = {
					06F4CDA31C250463008CAFE4 = {
						CreatedOnToolsVersion = 7.2;
					};
					06F4CDBC1C250464008CAFE4 = {
						CreatedOnToolsVersion = 7.2;
						TestTargetID = 06F4CDA31C250463008CAFE4;
					};
					06F4CDC71C250464008CAFE4 = {
						CreatedOnToolsVersion = 7.2;
						TestTargetID = 06F4CDA31C250463008CAFE4;
					};
				};
			};
			buildConfigurationList = 06F4CD9F1C250463008CAFE4 /* Build configuration list for PBXProject "BaiduMapDemo" */;
			compatibilityVersion = "Xcode 3.2";
			developmentRegion = English;
			hasScannedForEncodings = 0;
			knownRegions = (
				en,
				Base,
			);
			mainGroup = 06F4CD9B1C250463008CAFE4;
			productRefGroup = 06F4CDA51C250463008CAFE4 /* Products */;
			projectDirPath = "";
			projectRoot = "";
			targets = (
				06F4CDA31C250463008CAFE4 /* BaiduMapDemo */,
				06F4CDBC1C250464008CAFE4 /* BaiduMapDemoTests */,
				06F4CDC71C250464008CAFE4 /* BaiduMapDemoUITests */,
			);
		};
/* End PBXProject section */

/* Begin PBXResourcesBuildPhase section */
		06F4CDA21C250463008CAFE4 /* Resources */ = {
			isa = PBXResourcesBuildPhase;
			buildActionMask = 2147483647;
			files = (
				06F4CDB71C250464008CAFE4 /* LaunchScreen.storyboard in Resources */,
				06F4CE211C25300C008CAFE4 /* mapapi.bundle in Resources */,
				06F4CDFB1C250C92008CAFE4 /* BaiduMapViewController.xib in Resources */,
				06F4CDB41C250464008CAFE4 /* Assets.xcassets in Resources */,
				0689755C1C2675C000D31344 /* PaopaoViewClicked.xib in Resources */,
				06F4CDB21C250464008CAFE4 /* Main.storyboard in Resources */,
			);
			runOnlyForDeploymentPostprocessing = 0;
		};
		06F4CDBB1C250464008CAFE4 /* Resources */ = {
			isa = PBXResourcesBuildPhase;
			buildActionMask = 2147483647;
			files = (
			);
			runOnlyForDeploymentPostprocessing = 0;
		};
		06F4CDC61C250464008CAFE4 /* Resources */ = {
			isa = PBXResourcesBuildPhase;
			buildActionMask = 2147483647;
			files = (
			);
			runOnlyForDeploymentPostprocessing = 0;
		};
/* End PBXResourcesBuildPhase section */

/* Begin PBXSourcesBuildPhase section */
		06F4CDA01C250463008CAFE4 /* Sources */ = {
			isa = PBXSourcesBuildPhase;
			buildActionMask = 2147483647;
			files = (
				0689755B1C2675C000D31344 /* PaopaoViewClicked.m in Sources */,
				067C83D41C2796780091A6A0 /* CustomPintAnnotationView.m in Sources */,
				067C83DD1C2799AF0091A6A0 /* CustomPointAnnotation.m in Sources */,
				06F4CDAF1C250463008CAFE4 /* ViewController.m in Sources */,
				06F4CDFA1C250C92008CAFE4 /* BaiduMapViewController.m in Sources */,
				06F4CDAC1C250463008CAFE4 /* AppDelegate.mm in Sources */,
				068975571C2673A500D31344 /* BaiduMapModel.m in Sources */,
				06F4CDA91C250463008CAFE4 /* main.m in Sources */,
			);
			runOnlyForDeploymentPostprocessing = 0;
		};
		06F4CDB91C250464008CAFE4 /* Sources */ = {
			isa = PBXSourcesBuildPhase;
			buildActionMask = 2147483647;
			files = (
				06F4CDC21C250464008CAFE4 /* BaiduMapDemoTests.m in Sources */,
			);
			runOnlyForDeploymentPostprocessing = 0;
		};
		06F4CDC41C250464008CAFE4 /* Sources */ = {
			isa = PBXSourcesBuildPhase;
			buildActionMask = 2147483647;
			files = (
				06F4CDCD1C250464008CAFE4 /* BaiduMapDemoUITests.m in Sources */,
			);
			runOnlyForDeploymentPostprocessing = 0;
		};
/* End PBXSourcesBuildPhase section */

/* Begin PBXTargetDependency section */
		06F4CDBF1C250464008CAFE4 /* PBXTargetDependency */ = {
			isa = PBXTargetDependency;
			target = 06F4CDA31C250463008CAFE4 /* BaiduMapDemo */;
			targetProxy = 06F4CDBE1C250464008CAFE4 /* PBXContainerItemProxy */;
		};
		06F4CDCA1C250464008CAFE4 /* PBXTargetDependency */ = {
			isa = PBXTargetDependency;
			target = 06F4CDA31C250463008CAFE4 /* BaiduMapDemo */;
			targetProxy = 06F4CDC91C250464008CAFE4 /* PBXContainerItemProxy */;
		};
/* End PBXTargetDependency section */

/* Begin PBXVariantGroup section */
		06F4CDB01C250464008CAFE4 /* Main.storyboard */ = {
			isa = PBXVariantGroup;
			children = (
				06F4CDB11C250464008CAFE4 /* Base */,
			);
			name = Main.storyboard;
			sourceTree = "<group>";
		};
		06F4CDB51C250464008CAFE4 /* LaunchScreen.storyboard */ = {
			isa = PBXVariantGroup;
			children = (
				06F4CDB61C250464008CAFE4 /* Base */,
			);
			name = LaunchScreen.storyboard;
			sourceTree = "<group>";
		};
/* End PBXVariantGroup section */

/* Begin XCBuildConfiguration section */
		06F4CDCF1C250464008CAFE4 /* Debug */ = {
			isa = XCBuildConfiguration;
			buildSettings = {
				ALWAYS_SEARCH_USER_PATHS = NO;
				CLANG_CXX_LANGUAGE_STANDARD = "gnu++0x";
				CLANG_CXX_LIBRARY = "libc++";
				CLANG_ENABLE_MODULES = YES;
				CLANG_ENABLE_OBJC_ARC = YES;
				CLANG_WARN_BOOL_CONVERSION = YES;
				CLANG_WARN_CONSTANT_CONVERSION = YES;
				CLANG_WARN_DIRECT_OBJC_ISA_USAGE = YES_ERROR;
				CLANG_WARN_EMPTY_BODY = YES;
				CLANG_WARN_ENUM_CONVERSION = YES;
				CLANG_WARN_INT_CONVERSION = YES;
				CLANG_WARN_OBJC_ROOT_CLASS = YES_ERROR;
				CLANG_WARN_UNREACHABLE_CODE = YES;
				CLANG_WARN__DUPLICATE_METHOD_MATCH = YES;
				"CODE_SIGN_IDENTITY[sdk=iphoneos*]" = "iPhone Developer";
				COPY_PHASE_STRIP = NO;
				DEBUG_INFORMATION_FORMAT = dwarf;
				ENABLE_STRICT_OBJC_MSGSEND = YES;
				ENABLE_TESTABILITY = YES;
				GCC_C_LANGUAGE_STANDARD = gnu99;
				GCC_DYNAMIC_NO_PIC = NO;
				GCC_NO_COMMON_BLOCKS = YES;
				GCC_OPTIMIZATION_LEVEL = 0;
				GCC_PREPROCESSOR_DEFINITIONS = (
					"DEBUG=1",
					"$(inherited)",
				);
				GCC_WARN_64_TO_32_BIT_CONVERSION = YES;
				GCC_WARN_ABOUT_RETURN_TYPE = YES_ERROR;
				GCC_WARN_UNDECLARED_SELECTOR = YES;
				GCC_WARN_UNINITIALIZED_AUTOS = YES_AGGRESSIVE;
				GCC_WARN_UNUSED_FUNCTION = YES;
				GCC_WARN_UNUSED_VARIABLE = YES;
				IPHONEOS_DEPLOYMENT_TARGET = 9.2;
				MTL_ENABLE_DEBUG_INFO = YES;
				ONLY_ACTIVE_ARCH = YES;
				SDKROOT = iphoneos;
				TARGETED_DEVICE_FAMILY = "1,2";
			};
			name = Debug;
		};
		06F4CDD01C250464008CAFE4 /* Release */ = {
			isa = XCBuildConfiguration;
			buildSettings = {
				ALWAYS_SEARCH_USER_PATHS = NO;
				CLANG_CXX_LANGUAGE_STANDARD = "gnu++0x";
				CLANG_CXX_LIBRARY = "libc++";
				CLANG_ENABLE_MODULES = YES;
				CLANG_ENABLE_OBJC_ARC = YES;
				CLANG_WARN_BOOL_CONVERSION = YES;
				CLANG_WARN_CONSTANT_CONVERSION = YES;
				CLANG_WARN_DIRECT_OBJC_ISA_USAGE = YES_ERROR;
				CLANG_WARN_EMPTY_BODY = YES;
				CLANG_WARN_ENUM_CONVERSION = YES;
				CLANG_WARN_INT_CONVERSION = YES;
				CLANG_WARN_OBJC_ROOT_CLASS = YES_ERROR;
				CLANG_WARN_UNREACHABLE_CODE = YES;
				CLANG_WARN__DUPLICATE_METHOD_MATCH = YES;
				"CODE_SIGN_IDENTITY[sdk=iphoneos*]" = "iPhone Developer";
				COPY_PHASE_STRIP = NO;
				DEBUG_INFORMATION_FORMAT = "dwarf-with-dsym";
				ENABLE_NS_ASSERTIONS = NO;
				ENABLE_STRICT_OBJC_MSGSEND = YES;
				GCC_C_LANGUAGE_STANDARD = gnu99;
				GCC_NO_COMMON_BLOCKS = YES;
				GCC_WARN_64_TO_32_BIT_CONVERSION = YES;
				GCC_WARN_ABOUT_RETURN_TYPE = YES_ERROR;
				GCC_WARN_UNDECLARED_SELECTOR = YES;
				GCC_WARN_UNINITIALIZED_AUTOS = YES_AGGRESSIVE;
				GCC_WARN_UNUSED_FUNCTION = YES;
				GCC_WARN_UNUSED_VARIABLE = YES;
				IPHONEOS_DEPLOYMENT_TARGET = 9.2;
				MTL_ENABLE_DEBUG_INFO = NO;
				SDKROOT = iphoneos;
				TARGETED_DEVICE_FAMILY = "1,2";
				VALIDATE_PRODUCT = YES;
			};
			name = Release;
		};
		06F4CDD21C250464008CAFE4 /* Debug */ = {
			isa = XCBuildConfiguration;
			buildSettings = {
				ASSETCATALOG_COMPILER_APPICON_NAME = AppIcon;
				FRAMEWORK_SEARCH_PATHS = (
					"$(inherited)",
					"$(PROJECT_DIR)/BaiduMapDemo/BaiduMap_IOSSDK_v2.9.1_Lib",
				);
				GCC_PREFIX_HEADER = "$(SRCROOT)/BaiduMapDemo/PrefixHeader.pch";
				INFOPLIST_FILE = BaiduMapDemo/Info.plist;
				LD_RUNPATH_SEARCH_PATHS = "$(inherited) @executable_path/Frameworks";
				OTHER_LDFLAGS = "-ObjC";
				PRODUCT_BUNDLE_IDENTIFIER = yunfeng.BaiduMapDemo;
				PRODUCT_NAME = "$(TARGET_NAME)";
			};
			name = Debug;
		};
		06F4CDD31C250464008CAFE4 /* Release */ = {
			isa = XCBuildConfiguration;
			buildSettings = {
				ASSETCATALOG_COMPILER_APPICON_NAME = AppIcon;
				FRAMEWORK_SEARCH_PATHS = (
					"$(inherited)",
					"$(PROJECT_DIR)/BaiduMapDemo/BaiduMap_IOSSDK_v2.9.1_Lib",
				);
				GCC_PREFIX_HEADER = "$(SRCROOT)/BaiduMapDemo/PrefixHeader.pch";
				INFOPLIST_FILE = BaiduMapDemo/Info.plist;
				LD_RUNPATH_SEARCH_PATHS = "$(inherited) @executable_path/Frameworks";
				OTHER_LDFLAGS = "-ObjC";
				PRODUCT_BUNDLE_IDENTIFIER = yunfeng.BaiduMapDemo;
				PRODUCT_NAME = "$(TARGET_NAME)";
			};
			name = Release;
		};
		06F4CDD51C250464008CAFE4 /* Debug */ = {
			isa = XCBuildConfiguration;
			buildSettings = {
				BUNDLE_LOADER = "$(TEST_HOST)";
				INFOPLIST_FILE = BaiduMapDemoTests/Info.plist;
				LD_RUNPATH_SEARCH_PATHS = "$(inherited) @executable_path/Frameworks @loader_path/Frameworks";
				PRODUCT_BUNDLE_IDENTIFIER = yunfeng.BaiduMapDemoTests;
				PRODUCT_NAME = "$(TARGET_NAME)";
				TEST_HOST = "$(BUILT_PRODUCTS_DIR)/BaiduMapDemo.app/BaiduMapDemo";
			};
			name = Debug;
		};
		06F4CDD61C250464008CAFE4 /* Release */ = {
			isa = XCBuildConfiguration;
			buildSettings = {
				BUNDLE_LOADER = "$(TEST_HOST)";
				INFOPLIST_FILE = BaiduMapDemoTests/Info.plist;
				LD_RUNPATH_SEARCH_PATHS = "$(inherited) @executable_path/Frameworks @loader_path/Frameworks";
				PRODUCT_BUNDLE_IDENTIFIER = yunfeng.BaiduMapDemoTests;
				PRODUCT_NAME = "$(TARGET_NAME)";
				TEST_HOST = "$(BUILT_PRODUCTS_DIR)/BaiduMapDemo.app/BaiduMapDemo";
			};
			name = Release;
		};
		06F4CDD81C250464008CAFE4 /* Debug */ = {
			isa = XCBuildConfiguration;
			buildSettings = {
				INFOPLIST_FILE = BaiduMapDemoUITests/Info.plist;
				LD_RUNPATH_SEARCH_PATHS = "$(inherited) @executable_path/Frameworks @loader_path/Frameworks";
				PRODUCT_BUNDLE_IDENTIFIER = yunfeng.BaiduMapDemoUITests;
				PRODUCT_NAME = "$(TARGET_NAME)";
				TEST_TARGET_NAME = BaiduMapDemo;
				USES_XCTRUNNER = YES;
			};
			name = Debug;
		};
		06F4CDD91C250464008CAFE4 /* Release */ = {
			isa = XCBuildConfiguration;
			buildSettings = {
				INFOPLIST_FILE = BaiduMapDemoUITests/Info.plist;
				LD_RUNPATH_SEARCH_PATHS = "$(inherited) @executable_path/Frameworks @loader_path/Frameworks";
				PRODUCT_BUNDLE_IDENTIFIER = yunfeng.BaiduMapDemoUITests;
				PRODUCT_NAME = "$(TARGET_NAME)";
				TEST_TARGET_NAME = BaiduMapDemo;
				USES_XCTRUNNER = YES;
			};
			name = Release;
		};
/* End XCBuildConfiguration section */

/* Begin XCConfigurationList section */
		06F4CD9F1C250463008CAFE4 /* Build configuration list for PBXProject "BaiduMapDemo" */ = {
			isa = XCConfigurationList;
			buildConfigurations = (
				06F4CDCF1C250464008CAFE4 /* Debug */,
				06F4CDD01C250464008CAFE4 /* Release */,
			);
			defaultConfigurationIsVisible = 0;
			defaultConfigurationName = Release;
		};
		06F4CDD11C250464008CAFE4 /* Build configuration list for PBXNativeTarget "BaiduMapDemo" */ = {
			isa = XCConfigurationList;
			buildConfigurations = (
				06F4CDD21C250464008CAFE4 /* Debug */,
				06F4CDD31C250464008CAFE4 /* Release */,
			);
			defaultConfigurationIsVisible = 0;
			defaultConfigurationName = Release;
		};
		06F4CDD41C250464008CAFE4 /* Build configuration list for PBXNativeTarget "BaiduMapDemoTests" */ = {
			isa = XCConfigurationList;
			buildConfigurations = (
				06F4CDD51C250464008CAFE4 /* Debug */,
				06F4CDD61C250464008CAFE4 /* Release */,
			);
			defaultConfigurationIsVisible = 0;
			defaultConfigurationName = Release;
		};
		06F4CDD71C250464008CAFE4 /* Build configuration list for PBXNativeTarget "BaiduMapDemoUITests" */ = {
			isa = XCConfigurationList;
			buildConfigurations = (
				06F4CDD81C250464008CAFE4 /* Debug */,
				06F4CDD91C250464008CAFE4 /* Release */,
			);
			defaultConfigurationIsVisible = 0;
			defaultConfigurationName = Release;
		};
/* End XCConfigurationList section */
	};
	rootObject = 06F4CD9C1C250463008CAFE4 /* Project object */;
}
